
Microsoft Visual Studio Solution File, Format Version 12.00
# Visual Studio 14
VisualStudioVersion = 14.0.25420.1
MinimumVisualStudioVersion = 10.0.40219.1
Project("{FAE04EC0-301F-11D3-BF4B-00C04F79EFBC}") = "Tom.ChineseChess.Engine", "Tom.ChineseChess.Engine\Tom.ChineseChess.Engine.csproj", "{872BEE4C-C59E-49D3-821F-FB214D6667FD}"
EndProject
Project("{FAE04EC0-301F-11D3-BF4B-00C04F79EFBC}") = "Tom.ChineseChess.ConsoleTest", "Tom.ChineseChess.ConsoleTest\Tom.ChineseChess.ConsoleTest.csproj", "{2F4BB5A5-A4F8-4D11-BC45-245879372050}"
EndProject
Project("{FAE04EC0-301F-11D3-BF4B-00C04F79EFBC}") = "Tom.Api.Sdk", "..\..\Tom.Api.Sdk\src\Tom.Api.Sdk\Tom.Api.Sdk.csproj", "{876FD1DB-A45D-4DEB-A9B2-03C1D4F1C373}"
EndProject
Project("{FAE04EC0-301F-11D3-BF4B-00C04F79EFBC}") = "Tom.ChineseChess.Sdk", "Tom.ChineseChess.Sdk\Tom.ChineseChess.Sdk.csproj", "{8A4F0B21-C593-4B9C-AE96-E7C5AC60FC4B}"
EndProject
Project("{FAE04EC0-301F-11D3-BF4B-00C04F79EFBC}") = "Tom.ChineseChess.Api.HostWeb", "Tom.ChineseChess.Api.HostWeb\Tom.ChineseChess.Api.HostWeb.csproj", "{342179E9-4506-4077-B931-FD4736A74FAE}"
EndProject
Project("{FAE04EC0-301F-11D3-BF4B-00C04F79EFBC}") = "Tom.ChineseChess.Service", "Tom.ChineseChess.Service\Tom.ChineseChess.Service.csproj", "{7F95C9B6-B567-4CE6-BDC1-23CD1B758DFB}"
EndProject
Global
	GlobalSection(SolutionConfigurationPlatforms) = preSolution
		Debug|Any CPU = Debug|Any CPU
		Release|Any CPU = Release|Any CPU
	EndGlobalSection
	GlobalSection(ProjectConfigurationPlatforms) = postSolution
		{872BEE4C-C59E-49D3-821F-FB214D6667FD}.Debug|Any CPU.ActiveCfg = Debug|Any CPU
		{872BEE4C-C59E-49D3-821F-FB214D6667FD}.Debug|Any CPU.Build.0 = Debug|Any CPU
		{872BEE4C-C59E-49D3-821F-FB214D6667FD}.Release|Any CPU.ActiveCfg = Release|Any CPU
		{872BEE4C-C59E-49D3-821F-FB214D6667FD}.Release|Any CPU.Build.0 = Release|Any CPU
		{2F4BB5A5-A4F8-4D11-BC45-245879372050}.Debug|Any CPU.ActiveCfg = Debug|Any CPU
		{2F4BB5A5-A4F8-4D11-BC45-245879372050}.Debug|Any CPU.Build.0 = Debug|Any CPU
		{2F4BB5A5-A4F8-4D11-BC45-245879372050}.Release|Any CPU.ActiveCfg = Release|Any CPU
		{2F4BB5A5-A4F8-4D11-BC45-245879372050}.Release|Any CPU.Build.0 = Release|Any CPU
		{876FD1DB-A45D-4DEB-A9B2-03C1D4F1C373}.Debug|Any CPU.ActiveCfg = Debug|Any CPU
		{876FD1DB-A45D-4DEB-A9B2-03C1D4F1C373}.Debug|Any CPU.Build.0 = Debug|Any CPU
		{876FD1DB-A45D-4DEB-A9B2-03C1D4F1C373}.Release|Any CPU.ActiveCfg = Release|Any CPU
		{876FD1DB-A45D-4DEB-A9B2-03C1D4F1C373}.Release|Any CPU.Build.0 = Release|Any CPU
		{8A4F0B21-C593-4B9C-AE96-E7C5AC60FC4B}.Debug|Any CPU.ActiveCfg = Debug|Any CPU
		{8A4F0B21-C593-4B9C-AE96-E7C5AC60FC4B}.Debug|Any CPU.Build.0 = Debug|Any CPU
		{8A4F0B21-C593-4B9C-AE96-E7C5AC60FC4B}.Release|Any CPU.ActiveCfg = Release|Any CPU
		{8A4F0B21-C593-4B9C-AE96-E7C5AC60FC4B}.Release|Any CPU.Build.0 = Release|Any CPU
		{342179E9-4506-4077-B931-FD4736A74FAE}.Debug|Any CPU.ActiveCfg = Debug|Any CPU
		{342179E9-4506-4077-B931-FD4736A74FAE}.Debug|Any CPU.Build.0 = Debug|Any CPU
		{342179E9-4506-4077-B931-FD4736A74FAE}.Release|Any CPU.ActiveCfg = Release|Any CPU
		{342179E9-4506-4077-B931-FD4736A74FAE}.Release|Any CPU.Build.0 = Release|Any CPU
		{7F95C9B6-B567-4CE6-BDC1-23CD1B758DFB}.Debug|Any CPU.ActiveCfg = Debug|Any CPU
		{7F95C9B6-B567-4CE6-BDC1-23CD1B758DFB}.Debug|Any CPU.Build.0 = Debug|Any CPU
		{7F95C9B6-B567-4CE6-BDC1-23CD1B758DFB}.Release|Any CPU.ActiveCfg = Release|Any CPU
		{7F95C9B6-B567-4CE6-BDC1-23CD1B758DFB}.Release|Any CPU.Build.0 = Release|Any CPU
	EndGlobalSection
	GlobalSection(SolutionProperties) = preSolution
		HideSolutionNode = FALSE
	EndGlobalSection
EndGlobal
